
Microsoft Visual Studio Solution File, Format Version 12.00
# Visual Studio Version 17
VisualStudioVersion = 17.2.32526.322
MinimumVisualStudioVersion = 10.0.40219.1
Project("{FAE04EC0-301F-11D3-BF4B-00C04F79EFBC}") = "test_Directum", "test_Directum.csproj", "{30C20F79-060F-4AB5-B6AD-715256839868}"
EndProject
Project("{FAE04EC0-301F-11D3-BF4B-00C04F79EFBC}") = "TestProject", "..\TestProject\TestProject.csproj", "{3FFE0739-C4DD-4D1B-8786-4010EF0234BB}"
EndProject
Global
	GlobalSection(SolutionConfigurationPlatforms) = preSolution
		Debug|Any CPU = Debug|Any CPU
		Release|Any CPU = Release|Any CPU
	EndGlobalSection
	GlobalSection(ProjectConfigurationPlatforms) = postSolution
		{30C20F79-060F-4AB5-B6AD-715256839868}.Debug|Any CPU.ActiveCfg = Debug|Any CPU
		{30C20F79-060F-4AB5-B6AD-715256839868}.Debug|Any CPU.Build.0 = Debug|Any CPU
		{30C20F79-060F-4AB5-B6AD-715256839868}.Release|Any CPU.ActiveCfg = Release|Any CPU
		{30C20F79-060F-4AB5-B6AD-715256839868}.Release|Any CPU.Build.0 = Release|Any CPU
		{3FFE0739-C4DD-4D1B-8786-4010EF0234BB}.Debug|Any CPU.ActiveCfg = Debug|Any CPU
		{3FFE0739-C4DD-4D1B-8786-4010EF0234BB}.Debug|Any CPU.Build.0 = Debug|Any CPU
		{3FFE0739-C4DD-4D1B-8786-4010EF0234BB}.Release|Any CPU.ActiveCfg = Release|Any CPU
		{3FFE0739-C4DD-4D1B-8786-4010EF0234BB}.Release|Any CPU.Build.0 = Release|Any CPU
	EndGlobalSection
	GlobalSection(SolutionProperties) = preSolution
		HideSolutionNode = FALSE
	EndGlobalSection
	GlobalSection(ExtensibilityGlobals) = postSolution
		SolutionGuid = {D7C8A60C-C135-4C60-BF3B-562FC701F042}
	EndGlobalSection
EndGlobal
